
Microsoft Visual Studio Solution File, Format Version 12.00
# Visual Studio Version 17
VisualStudioVersion = 17.9.34728.123
MinimumVisualStudioVersion = 10.0.40219.1
Project("{9A19103F-16F7-4668-BE54-9A1E7A4F7556}") = "Health_Insurance_Application", "Health_Insurance_Application\Health_Insurance_Application.csproj", "{1139B883-5B77-4B00-9825-023A0155AFA3}"
EndProject
Project("{E53339B2-1760-4266-BCC7-CA923CBCF16C}") = "docker-compose", "docker-compose.dcproj", "{D88AAF9A-0CE9-4BFD-864B-F07E59755C6A}"
EndProject
Global
	GlobalSection(SolutionConfigurationPlatforms) = preSolution
		Debug|Any CPU = Debug|Any CPU
		Release|Any CPU = Release|Any CPU
	EndGlobalSection
	GlobalSection(ProjectConfigurationPlatforms) = postSolution
		{1139B883-5B77-4B00-9825-023A0155AFA3}.Debug|Any CPU.ActiveCfg = Debug|Any CPU
		{1139B883-5B77-4B00-9825-023A0155AFA3}.Debug|Any CPU.Build.0 = Debug|Any CPU
		{1139B883-5B77-4B00-9825-023A0155AFA3}.Release|Any CPU.ActiveCfg = Release|Any CPU
		{1139B883-5B77-4B00-9825-023A0155AFA3}.Release|Any CPU.Build.0 = Release|Any CPU
		{D88AAF9A-0CE9-4BFD-864B-F07E59755C6A}.Debug|Any CPU.ActiveCfg = Debug|Any CPU
		{D88AAF9A-0CE9-4BFD-864B-F07E59755C6A}.Debug|Any CPU.Build.0 = Debug|Any CPU
		{D88AAF9A-0CE9-4BFD-864B-F07E59755C6A}.Release|Any CPU.ActiveCfg = Release|Any CPU
		{D88AAF9A-0CE9-4BFD-864B-F07E59755C6A}.Release|Any CPU.Build.0 = Release|Any CPU
	EndGlobalSection
	GlobalSection(SolutionProperties) = preSolution
		HideSolutionNode = FALSE
	EndGlobalSection
	GlobalSection(ExtensibilityGlobals) = postSolution
		SolutionGuid = {037A8343-7A49-4F39-BAC7-BCCCBD24F1ED}
	EndGlobalSection
EndGlobal
